
Microsoft Visual Studio Solution File, Format Version 12.00
# Visual Studio Version 17
VisualStudioVersion = 17.9.34728.123
MinimumVisualStudioVersion = 10.0.40219.1
Project("{FAE04EC0-301F-11D3-BF4B-00C04F79EFBC}") = "Drivable_Interface_Assignment", "Drivable_Interface_Assignment\Drivable_Interface_Assignment.csproj", "{19C3BD04-2070-41DC-9C14-7419381A0BD2}"
EndProject
Global
	GlobalSection(SolutionConfigurationPlatforms) = preSolution
		Debug|Any CPU = Debug|Any CPU
		Release|Any CPU = Release|Any CPU
	EndGlobalSection
	GlobalSection(ProjectConfigurationPlatforms) = postSolution
		{19C3BD04-2070-41DC-9C14-7419381A0BD2}.Debug|Any CPU.ActiveCfg = Debug|Any CPU
		{19C3BD04-2070-41DC-9C14-7419381A0BD2}.Debug|Any CPU.Build.0 = Debug|Any CPU
		{19C3BD04-2070-41DC-9C14-7419381A0BD2}.Release|Any CPU.ActiveCfg = Release|Any CPU
		{19C3BD04-2070-41DC-9C14-7419381A0BD2}.Release|Any CPU.Build.0 = Release|Any CPU
	EndGlobalSection
	GlobalSection(SolutionProperties) = preSolution
		HideSolutionNode = FALSE
	EndGlobalSection
	GlobalSection(ExtensibilityGlobals) = postSolution
		SolutionGuid = {08C18E83-EC62-4C9D-A16E-6530A796B846}
	EndGlobalSection
EndGlobal
